
Microsoft Visual Studio Solution File, Format Version 12.00
# Visual Studio Version 17
VisualStudioVersion = 17.5.33530.505
MinimumVisualStudioVersion = 10.0.40219.1
Project("{9A19103F-16F7-4668-BE54-9A1E7A4F7556}") = "UserManagementServiceUITests", "UserUITest\UserManagementServiceUITests.csproj", "{F4A968A1-4A53-422C-BE7E-8D77244D3954}"
	ProjectSection(ProjectDependencies) = postProject
		{364DADD4-7FE2-4A91-9D31-A6FE58BDD17D} = {364DADD4-7FE2-4A91-9D31-A6FE58BDD17D}
	EndProjectSection
EndProject
Project("{9A19103F-16F7-4668-BE54-9A1E7A4F7556}") = "UserServiceAPI", "UserServiceAPI\UserServiceAPI.csproj", "{0D9244BF-0320-4F75-88A6-EA3CBF08B55F}"
EndProject
Project("{9A19103F-16F7-4668-BE54-9A1E7A4F7556}") = "Core", "Core\Core.csproj", "{0FC25841-F206-490A-926F-C4E4145BBD27}"
EndProject
Project("{9A19103F-16F7-4668-BE54-9A1E7A4F7556}") = "WalletServiceAPI", "WalletServiceAPI\WalletServiceAPI\WalletServiceAPI.csproj", "{364DADD4-7FE2-4A91-9D31-A6FE58BDD17D}"
EndProject
Project("{FAE04EC0-301F-11D3-BF4B-00C04F79EFBC}") = "CatalogServiceAPI", "CatalogServiceAPI\CatalogServiceAPI.csproj", "{6AB077CC-F277-4E18-852F-CAC9A7B09BB3}"
EndProject
Global
	GlobalSection(SolutionConfigurationPlatforms) = preSolution
		Debug|Any CPU = Debug|Any CPU
		Release|Any CPU = Release|Any CPU
	EndGlobalSection
	GlobalSection(ProjectConfigurationPlatforms) = postSolution
		{F4A968A1-4A53-422C-BE7E-8D77244D3954}.Debug|Any CPU.ActiveCfg = Debug|Any CPU
		{F4A968A1-4A53-422C-BE7E-8D77244D3954}.Debug|Any CPU.Build.0 = Debug|Any CPU
		{F4A968A1-4A53-422C-BE7E-8D77244D3954}.Release|Any CPU.ActiveCfg = Release|Any CPU
		{F4A968A1-4A53-422C-BE7E-8D77244D3954}.Release|Any CPU.Build.0 = Release|Any CPU
		{0D9244BF-0320-4F75-88A6-EA3CBF08B55F}.Debug|Any CPU.ActiveCfg = Debug|Any CPU
		{0D9244BF-0320-4F75-88A6-EA3CBF08B55F}.Debug|Any CPU.Build.0 = Debug|Any CPU
		{0D9244BF-0320-4F75-88A6-EA3CBF08B55F}.Release|Any CPU.ActiveCfg = Release|Any CPU
		{0D9244BF-0320-4F75-88A6-EA3CBF08B55F}.Release|Any CPU.Build.0 = Release|Any CPU
		{0FC25841-F206-490A-926F-C4E4145BBD27}.Debug|Any CPU.ActiveCfg = Debug|Any CPU
		{0FC25841-F206-490A-926F-C4E4145BBD27}.Debug|Any CPU.Build.0 = Debug|Any CPU
		{0FC25841-F206-490A-926F-C4E4145BBD27}.Release|Any CPU.ActiveCfg = Release|Any CPU
		{0FC25841-F206-490A-926F-C4E4145BBD27}.Release|Any CPU.Build.0 = Release|Any CPU
		{364DADD4-7FE2-4A91-9D31-A6FE58BDD17D}.Debug|Any CPU.ActiveCfg = Debug|Any CPU
		{364DADD4-7FE2-4A91-9D31-A6FE58BDD17D}.Debug|Any CPU.Build.0 = Debug|Any CPU
		{364DADD4-7FE2-4A91-9D31-A6FE58BDD17D}.Release|Any CPU.ActiveCfg = Release|Any CPU
		{364DADD4-7FE2-4A91-9D31-A6FE58BDD17D}.Release|Any CPU.Build.0 = Release|Any CPU
		{6AB077CC-F277-4E18-852F-CAC9A7B09BB3}.Debug|Any CPU.ActiveCfg = Debug|Any CPU
		{6AB077CC-F277-4E18-852F-CAC9A7B09BB3}.Debug|Any CPU.Build.0 = Debug|Any CPU
		{6AB077CC-F277-4E18-852F-CAC9A7B09BB3}.Release|Any CPU.ActiveCfg = Release|Any CPU
		{6AB077CC-F277-4E18-852F-CAC9A7B09BB3}.Release|Any CPU.Build.0 = Release|Any CPU
	EndGlobalSection
	GlobalSection(SolutionProperties) = preSolution
		HideSolutionNode = FALSE
	EndGlobalSection
	GlobalSection(ExtensibilityGlobals) = postSolution
		SolutionGuid = {A2AACDAE-6501-474A-B28E-F2BA3127A78E}
	EndGlobalSection
EndGlobal
